
Microsoft Visual Studio Solution File, Format Version 12.00
# Visual Studio Version 16
VisualStudioVersion = 16.0.29326.143
MinimumVisualStudioVersion = 10.0.40219.1
Project("{FAE04EC0-301F-11D3-BF4B-00C04F79EFBC}") = "ElGamalWpf", "ElGamalWpf\ElGamalWpf.csproj", "{B3756012-D5A2-4E7C-BE0F-BC0F5289E14E}"
EndProject
Global
	GlobalSection(SolutionConfigurationPlatforms) = preSolution
		Debug|Any CPU = Debug|Any CPU
		Release|Any CPU = Release|Any CPU
	EndGlobalSection
	GlobalSection(ProjectConfigurationPlatforms) = postSolution
		{B3756012-D5A2-4E7C-BE0F-BC0F5289E14E}.Debug|Any CPU.ActiveCfg = Debug|Any CPU
		{B3756012-D5A2-4E7C-BE0F-BC0F5289E14E}.Debug|Any CPU.Build.0 = Debug|Any CPU
		{B3756012-D5A2-4E7C-BE0F-BC0F5289E14E}.Release|Any CPU.ActiveCfg = Release|Any CPU
		{B3756012-D5A2-4E7C-BE0F-BC0F5289E14E}.Release|Any CPU.Build.0 = Release|Any CPU
	EndGlobalSection
	GlobalSection(SolutionProperties) = preSolution
		HideSolutionNode = FALSE
	EndGlobalSection
	GlobalSection(ExtensibilityGlobals) = postSolution
		SolutionGuid = {A165CFBA-9AF3-4745-9C32-28C6A085CA0C}
	EndGlobalSection
EndGlobal
